PODS:
  - JSONModel (1.7.0)
  - Mantle (2.1.0):
    - Mantle/extobjc (= 2.1.0)
  - Mantle/extobjc (2.1.0)
  - ReactiveCocoa (2.5):
    - ReactiveCocoa/UI (= 2.5)
  - ReactiveCocoa/Core (2.5):
    - ReactiveCocoa/no-arc
  - ReactiveCocoa/no-arc (2.5)
  - ReactiveCocoa/UI (2.5):
    - ReactiveCocoa/Core

DEPENDENCIES:
  - JSONModel (~> 1.7.0)
  - Mantle (~> 2.1.0)
  - ReactiveCocoa (~> 2.5)

SPEC CHECKSUMS:
  JSONModel: 840bc0fcffb24b8454d2c026bf26fea454b8e98d
  Mantle: 2fa750afa478cd625a94230fbf1c13462f29395b
  ReactiveCocoa: e2db045570aa97c695e7aa97c2bcab222ae51f4a

PODFILE CHECKSUM: af703470b5f0709324771bc5c1cb52172f2760cc

COCOAPODS: 1.1.1
