// !$*UTF8*$!
{
	archiveVersion = 1;
	classes = {
	};
	objectVersion = 46;
	objects = {

/* Begin PBXBuildFile section */
		183FD6D51E4854F200AF1CD8 /* ReactiveViewController.m in Sources */ = {isa = PBXBuildFile; fileRef = 183FD6D41E4854F200AF1CD8 /* ReactiveViewController.m */; };
		189BE3711E4D9452008E06FB /* CustomViewController.m in Sources */ = {isa = PBXBuildFile; fileRef = 189BE3701E4D9452008E06FB /* CustomViewController.m */; };
		189BE3761E4D9480008E06FB /* BLSensorBubbleButton.m in Sources */ = {isa = PBXBuildFile; fileRef = 189BE3731E4D9480008E06FB /* BLSensorBubbleButton.m */; };
		189BE3771E4D9480008E06FB /* BLSensorBubbleView.m in Sources */ = {isa = PBXBuildFile; fileRef = 189BE3751E4D9480008E06FB /* BLSensorBubbleView.m */; };
		189BE37A1E4DA451008E06FB /* BLSensorViewLayout.m in Sources */ = {isa = PBXBuildFile; fileRef = 189BE3791E4DA451008E06FB /* BLSensorViewLayout.m */; };
		65900306DEFE5CC7DC776E6D /* Pods_AnimationDemo.framework in Frameworks */ = {isa = PBXBuildFile; fileRef = DF13B46CB7D51C228DA0C87E /* Pods_AnimationDemo.framework */; };
		F48989941BD5F18000F35F71 /* KYCircleAnimationViewController.m in Sources */ = {isa = PBXBuildFile; fileRef = F48989931BD5F18000F35F71 /* KYCircleAnimationViewController.m */; };
		F48989971BD627EE00F35F71 /* KYSlideMenuButton.m in Sources */ = {isa = PBXBuildFile; fileRef = F48989961BD627EE00F35F71 /* KYSlideMenuButton.m */; };
		F489899A1BD6280500F35F71 /* KYGooeySlideMenu.m in Sources */ = {isa = PBXBuildFile; fileRef = F48989991BD6280500F35F71 /* KYGooeySlideMenu.m */; };
		F4E18DD71BD52C1E00A4692B /* KYCircleLayer.m in Sources */ = {isa = PBXBuildFile; fileRef = F4E18DD61BD52C1E00A4692B /* KYCircleLayer.m */; };
		F4E18DDA1BD52C3A00A4692B /* KYCircleView.m in Sources */ = {isa = PBXBuildFile; fileRef = F4E18DD91BD52C3A00A4692B /* KYCircleView.m */; };
		F4E2DDD61BCE2CE600E8F357 /* main.m in Sources */ = {isa = PBXBuildFile; fileRef = F4E2DDD51BCE2CE600E8F357 /* main.m */; };
		F4E2DDD91BCE2CE600E8F357 /* AppDelegate.m in Sources */ = {isa = PBXBuildFile; fileRef = F4E2DDD81BCE2CE600E8F357 /* AppDelegate.m */; };
		F4E2DDDC1BCE2CE600E8F357 /* ViewController.m in Sources */ = {isa = PBXBuildFile; fileRef = F4E2DDDB1BCE2CE600E8F357 /* ViewController.m */; };
		F4E2DDDF1BCE2CE600E8F357 /* Main.storyboard in Resources */ = {isa = PBXBuildFile; fileRef = F4E2DDDD1BCE2CE600E8F357 /* Main.storyboard */; };
		F4E2DDE11BCE2CE600E8F357 /* Assets.xcassets in Resources */ = {isa = PBXBuildFile; fileRef = F4E2DDE01BCE2CE600E8F357 /* Assets.xcassets */; };
		F4E2DDE41BCE2CE600E8F357 /* LaunchScreen.storyboard in Resources */ = {isa = PBXBuildFile; fileRef = F4E2DDE21BCE2CE600E8F357 /* LaunchScreen.storyboard */; };
		F4E2DDF01BCE2E6800E8F357 /* AnimationListViewController.m in Sources */ = {isa = PBXBuildFile; fileRef = F4E2DDEF1BCE2E6800E8F357 /* AnimationListViewController.m */; };
		F4E562FB1BDCAFC2007429FB /* HealthViewController.m in Sources */ = {isa = PBXBuildFile; fileRef = F4E562FA1BDCAFC2007429FB /* HealthViewController.m */; };
		F4E562FD1BDD0059007429FB /* HealthKit.framework in Frameworks */ = {isa = PBXBuildFile; fileRef = F4E562FC1BDD0059007429FB /* HealthKit.framework */; };
		F4E766841BD0ED1800FA8C2E /* GooeySlideMenu.m in Sources */ = {isa = PBXBuildFile; fileRef = F4E766811BD0ED1800FA8C2E /* GooeySlideMenu.m */; };
		F4E766851BD0ED1800FA8C2E /* SlideMenuButton.m in Sources */ = {isa = PBXBuildFile; fileRef = F4E766831BD0ED1800FA8C2E /* SlideMenuButton.m */; };
		F4E766881BD0F4B500FA8C2E /* PushControl.m in Sources */ = {isa = PBXBuildFile; fileRef = F4E766871BD0F4B500FA8C2E /* PushControl.m */; };
/* End PBXBuildFile section */

/* Begin PBXFileReference section */
		183FD6D31E4854F200AF1CD8 /* ReactiveViewController.h */ = {isa = PBXFileReference; fileEncoding = 4; lastKnownFileType = sourcecode.c.h; path = ReactiveViewController.h; sourceTree = "<group>"; };
		183FD6D41E4854F200AF1CD8 /* ReactiveViewController.m */ = {isa = PBXFileReference; fileEncoding = 4; lastKnownFileType = sourcecode.c.objc; path = ReactiveViewController.m; sourceTree = "<group>"; };
		1882AB1D1E1CEFB70082198B /* ReactiveCocoa.framework */ = {isa = PBXFileReference; lastKnownFileType = wrapper.framework; name = ReactiveCocoa.framework; path = "Pods/../build/Debug-iphoneos/ReactiveCocoa/ReactiveCocoa.framework"; sourceTree = "<group>"; };
		189BE36F1E4D9452008E06FB /* CustomViewController.h */ = {isa = PBXFileReference; fileEncoding = 4; lastKnownFileType = sourcecode.c.h; path = CustomViewController.h; sourceTree = "<group>"; };
		189BE3701E4D9452008E06FB /* CustomViewController.m */ = {isa = PBXFileReference; fileEncoding = 4; lastKnownFileType = sourcecode.c.objc; path = CustomViewController.m; sourceTree = "<group>"; };
		189BE3721E4D9480008E06FB /* BLSensorBubbleButton.h */ = {isa = PBXFileReference; fileEncoding = 4; lastKnownFileType = sourcecode.c.h; path = BLSensorBubbleButton.h; sourceTree = "<group>"; };
		189BE3731E4D9480008E06FB /* BLSensorBubbleButton.m */ = {isa = PBXFileReference; fileEncoding = 4; lastKnownFileType = sourcecode.c.objc; path = BLSensorBubbleButton.m; sourceTree = "<group>"; };
		189BE3741E4D9480008E06FB /* BLSensorBubbleView.h */ = {isa = PBXFileReference; fileEncoding = 4; lastKnownFileType = sourcecode.c.h; path = BLSensorBubbleView.h; sourceTree = "<group>"; };
		189BE3751E4D9480008E06FB /* BLSensorBubbleView.m */ = {isa = PBXFileReference; fileEncoding = 4; lastKnownFileType = sourcecode.c.objc; path = BLSensorBubbleView.m; sourceTree = "<group>"; };
		189BE3781E4DA451008E06FB /* BLSensorViewLayout.h */ = {isa = PBXFileReference; fileEncoding = 4; lastKnownFileType = sourcecode.c.h; path = BLSensorViewLayout.h; sourceTree = "<group>"; };
		189BE3791E4DA451008E06FB /* BLSensorViewLayout.m */ = {isa = PBXFileReference; fileEncoding = 4; lastKnownFileType = sourcecode.c.objc; path = BLSensorViewLayout.m; sourceTree = "<group>"; };
		478650236AD641DC2B244DF0 /* Pods-AnimationDemo.debug.xcconfig */ = {isa = PBXFileReference; includeInIndex = 1; lastKnownFileType = text.xcconfig; name = "Pods-AnimationDemo.debug.xcconfig"; path = "Pods/Target Support Files/Pods-AnimationDemo/Pods-AnimationDemo.debug.xcconfig"; sourceTree = "<group>"; };
		DF13B46CB7D51C228DA0C87E /* Pods_AnimationDemo.framework */ = {isa = PBXFileReference; explicitFileType = wrapper.framework; includeInIndex = 0; path = Pods_AnimationDemo.framework; sourceTree = BUILT_PRODUCTS_DIR; };
		F48989921BD5F18000F35F71 /* KYCircleAnimationViewController.h */ = {isa = PBXFileReference; fileEncoding = 4; lastKnownFileType = sourcecode.c.h; path = KYCircleAnimationViewController.h; sourceTree = "<group>"; };
		F48989931BD5F18000F35F71 /* KYCircleAnimationViewController.m */ = {isa = PBXFileReference; fileEncoding = 4; lastKnownFileType = sourcecode.c.objc; path = KYCircleAnimationViewController.m; sourceTree = "<group>"; };
		F48989951BD627EE00F35F71 /* KYSlideMenuButton.h */ = {isa = PBXFileReference; fileEncoding = 4; lastKnownFileType = sourcecode.c.h; path = KYSlideMenuButton.h; sourceTree = "<group>"; };
		F48989961BD627EE00F35F71 /* KYSlideMenuButton.m */ = {isa = PBXFileReference; fileEncoding = 4; lastKnownFileType = sourcecode.c.objc; path = KYSlideMenuButton.m; sourceTree = "<group>"; };
		F48989981BD6280500F35F71 /* KYGooeySlideMenu.h */ = {isa = PBXFileReference; fileEncoding = 4; lastKnownFileType = sourcecode.c.h; path = KYGooeySlideMenu.h; sourceTree = "<group>"; };
		F48989991BD6280500F35F71 /* KYGooeySlideMenu.m */ = {isa = PBXFileReference; fileEncoding = 4; lastKnownFileType = sourcecode.c.objc; path = KYGooeySlideMenu.m; sourceTree = "<group>"; };
		F4E18DD51BD52C1E00A4692B /* KYCircleLayer.h */ = {isa = PBXFileReference; fileEncoding = 4; lastKnownFileType = sourcecode.c.h; path = KYCircleLayer.h; sourceTree = "<group>"; };
		F4E18DD61BD52C1E00A4692B /* KYCircleLayer.m */ = {isa = PBXFileReference; fileEncoding = 4; lastKnownFileType = sourcecode.c.objc; path = KYCircleLayer.m; sourceTree = "<group>"; };
		F4E18DD81BD52C3A00A4692B /* KYCircleView.h */ = {isa = PBXFileReference; fileEncoding = 4; lastKnownFileType = sourcecode.c.h; path = KYCircleView.h; sourceTree = "<group>"; };
		F4E18DD91BD52C3A00A4692B /* KYCircleView.m */ = {isa = PBXFileReference; fileEncoding = 4; lastKnownFileType = sourcecode.c.objc; path = KYCircleView.m; sourceTree = "<group>"; };
		F4E2DDD11BCE2CE600E8F357 /* AnimationDemo.app */ = {isa = PBXFileReference; explicitFileType = wrapper.application; includeInIndex = 0; path = AnimationDemo.app; sourceTree = BUILT_PRODUCTS_DIR; };
		F4E2DDD51BCE2CE600E8F357 /* main.m */ = {isa = PBXFileReference; lastKnownFileType = sourcecode.c.objc; path = main.m; sourceTree = "<group>"; };
		F4E2DDD71BCE2CE600E8F357 /* AppDelegate.h */ = {isa = PBXFileReference; lastKnownFileType = sourcecode.c.h; path = AppDelegate.h; sourceTree = "<group>"; };
		F4E2DDD81BCE2CE600E8F357 /* AppDelegate.m */ = {isa = PBXFileReference; lastKnownFileType = sourcecode.c.objc; path = AppDelegate.m; sourceTree = "<group>"; };
		F4E2DDDA1BCE2CE600E8F357 /* ViewController.h */ = {isa = PBXFileReference; lastKnownFileType = sourcecode.c.h; path = ViewController.h; sourceTree = "<group>"; };
		F4E2DDDB1BCE2CE600E8F357 /* ViewController.m */ = {isa = PBXFileReference; lastKnownFileType = sourcecode.c.objc; path = ViewController.m; sourceTree = "<group>"; };
		F4E2DDDE1BCE2CE600E8F357 /* Base */ = {isa = PBXFileReference; lastKnownFileType = file.storyboard; name = Base; path = Base.lproj/Main.storyboard; sourceTree = "<group>"; };
		F4E2DDE01BCE2CE600E8F357 /* Assets.xcassets */ = {isa = PBXFileReference; lastKnownFileType = folder.assetcatalog; path = Assets.xcassets; sourceTree = "<group>"; };
		F4E2DDE31BCE2CE600E8F357 /* Base */ = {isa = PBXFileReference; lastKnownFileType = file.storyboard; name = Base; path = Base.lproj/LaunchScreen.storyboard; sourceTree = "<group>"; };
		F4E2DDE51BCE2CE600E8F357 /* Info.plist */ = {isa = PBXFileReference; lastKnownFileType = text.plist.xml; path = Info.plist; sourceTree = "<group>"; };
		F4E2DDEE1BCE2E6800E8F357 /* AnimationListViewController.h */ = {isa = PBXFileReference; fileEncoding = 4; lastKnownFileType = sourcecode.c.h; path = AnimationListViewController.h; sourceTree = "<group>"; };
		F4E2DDEF1BCE2E6800E8F357 /* AnimationListViewController.m */ = {isa = PBXFileReference; fileEncoding = 4; lastKnownFileType = sourcecode.c.objc; path = AnimationListViewController.m; sourceTree = "<group>"; };
		F4E562F91BDCAFC2007429FB /* HealthViewController.h */ = {isa = PBXFileReference; fileEncoding = 4; lastKnownFileType = sourcecode.c.h; path = HealthViewController.h; sourceTree = "<group>"; };
		F4E562FA1BDCAFC2007429FB /* HealthViewController.m */ = {isa = PBXFileReference; fileEncoding = 4; lastKnownFileType = sourcecode.c.objc; path = HealthViewController.m; sourceTree = "<group>"; };
		F4E562FC1BDD0059007429FB /* HealthKit.framework */ = {isa = PBXFileReference; lastKnownFileType = wrapper.framework; name = HealthKit.framework; path = System/Library/Frameworks/HealthKit.framework; sourceTree = SDKROOT; };
		F4E562FE1BDD0059007429FB /* AnimationDemo.entitlements */ = {isa = PBXFileReference; lastKnownFileType = text.xml; path = AnimationDemo.entitlements; sourceTree = "<group>"; };
		F4E766801BD0ED1000FA8C2E /* GooeySlideMenu.h */ = {isa = PBXFileReference; lastKnownFileType = sourcecode.c.h; path = GooeySlideMenu.h; sourceTree = "<group>"; };
		F4E766811BD0ED1800FA8C2E /* GooeySlideMenu.m */ = {isa = PBXFileReference; fileEncoding = 4; lastKnownFileType = sourcecode.c.objc; path = GooeySlideMenu.m; sourceTree = "<group>"; };
		F4E766821BD0ED1800FA8C2E /* SlideMenuButton.h */ = {isa = PBXFileReference; fileEncoding = 4; lastKnownFileType = sourcecode.c.h; path = SlideMenuButton.h; sourceTree = "<group>"; };
		F4E766831BD0ED1800FA8C2E /* SlideMenuButton.m */ = {isa = PBXFileReference; fileEncoding = 4; lastKnownFileType = sourcecode.c.objc; path = SlideMenuButton.m; sourceTree = "<group>"; };
		F4E766861BD0F4B500FA8C2E /* PushControl.h */ = {isa = PBXFileReference; fileEncoding = 4; lastKnownFileType = sourcecode.c.h; path = PushControl.h; sourceTree = "<group>"; };
		F4E766871BD0F4B500FA8C2E /* PushControl.m */ = {isa = PBXFileReference; fileEncoding = 4; lastKnownFileType = sourcecode.c.objc; path = PushControl.m; sourceTree = "<group>"; };
		FFC27DE111A0818DDD622B56 /* Pods-AnimationDemo.release.xcconfig */ = {isa = PBXFileReference; includeInIndex = 1; lastKnownFileType = text.xcconfig; name = "Pods-AnimationDemo.release.xcconfig"; path = "Pods/Target Support Files/Pods-AnimationDemo/Pods-AnimationDemo.release.xcconfig"; sourceTree = "<group>"; };
/* End PBXFileReference section */

/* Begin PBXFrameworksBuildPhase section */
		F4E2DDCE1BCE2CE600E8F357 /* Frameworks */ = {
			isa = PBXFrameworksBuildPhase;
			buildActionMask = 2147483647;
			files = (
				F4E562FD1BDD0059007429FB /* HealthKit.framework in Frameworks */,
				65900306DEFE5CC7DC776E6D /* Pods_AnimationDemo.framework in Frameworks */,
			);
			runOnlyForDeploymentPostprocessing = 0;
		};
/* End PBXFrameworksBuildPhase section */

/* Begin PBXGroup section */
		1D201E0DA0AE18D4DFFDAD2D /* Pods */ = {
			isa = PBXGroup;
			children = (
				478650236AD641DC2B244DF0 /* Pods-AnimationDemo.debug.xcconfig */,
				FFC27DE111A0818DDD622B56 /* Pods-AnimationDemo.release.xcconfig */,
			);
			name = Pods;
			sourceTree = "<group>";
		};
		22C741968A5EEEF0DA261615 /* Frameworks */ = {
			isa = PBXGroup;
			children = (
				1882AB1D1E1CEFB70082198B /* ReactiveCocoa.framework */,
				DF13B46CB7D51C228DA0C87E /* Pods_AnimationDemo.framework */,
			);
			name = Frameworks;
			sourceTree = "<group>";
		};
		F4E18DC41BD4BAFF00A4692B /* AnimatedCircleDemo */ = {
			isa = PBXGroup;
			children = (
				F4E18DD51BD52C1E00A4692B /* KYCircleLayer.h */,
				F4E18DD61BD52C1E00A4692B /* KYCircleLayer.m */,
				F4E18DD81BD52C3A00A4692B /* KYCircleView.h */,
				F4E18DD91BD52C3A00A4692B /* KYCircleView.m */,
				F48989921BD5F18000F35F71 /* KYCircleAnimationViewController.h */,
				F48989931BD5F18000F35F71 /* KYCircleAnimationViewController.m */,
			);
			name = AnimatedCircleDemo;
			sourceTree = "<group>";
		};
		F4E18DC51BD4BB0200A4692B /* SlideMenu */ = {
			isa = PBXGroup;
			children = (
				F48989951BD627EE00F35F71 /* KYSlideMenuButton.h */,
				F48989961BD627EE00F35F71 /* KYSlideMenuButton.m */,
				F48989981BD6280500F35F71 /* KYGooeySlideMenu.h */,
				F48989991BD6280500F35F71 /* KYGooeySlideMenu.m */,
			);
			name = SlideMenu;
			sourceTree = "<group>";
		};
		F4E18DC61BD4BB0400A4692B /* HealthDemo */ = {
			isa = PBXGroup;
			children = (
				F4E562F91BDCAFC2007429FB /* HealthViewController.h */,
				F4E562FA1BDCAFC2007429FB /* HealthViewController.m */,
			);
			name = HealthDemo;
			sourceTree = "<group>";
		};
		F4E18DC81BD4BB0700A4692B /* ReactiveCocoaDemo */ = {
			isa = PBXGroup;
			children = (
				183FD6D31E4854F200AF1CD8 /* ReactiveViewController.h */,
				183FD6D41E4854F200AF1CD8 /* ReactiveViewController.m */,
			);
			name = ReactiveCocoaDemo;
			sourceTree = "<group>";
		};
		F4E18DC91BD4BB0900A4692B /* custom */ = {
			isa = PBXGroup;
			children = (
				189BE3721E4D9480008E06FB /* BLSensorBubbleButton.h */,
				189BE3731E4D9480008E06FB /* BLSensorBubbleButton.m */,
				189BE3741E4D9480008E06FB /* BLSensorBubbleView.h */,
				189BE3751E4D9480008E06FB /* BLSensorBubbleView.m */,
				189BE3781E4DA451008E06FB /* BLSensorViewLayout.h */,
				189BE3791E4DA451008E06FB /* BLSensorViewLayout.m */,
				189BE36F1E4D9452008E06FB /* CustomViewController.h */,
				189BE3701E4D9452008E06FB /* CustomViewController.m */,
			);
			name = custom;
			sourceTree = "<group>";
		};
		F4E18DCA1BD4BB0B00A4692B /* New Group6 */ = {
			isa = PBXGroup;
			children = (
			);
			name = "New Group6";
			sourceTree = "<group>";
		};
		F4E2DDC81BCE2CE600E8F357 = {
			isa = PBXGroup;
			children = (
				F4E562FC1BDD0059007429FB /* HealthKit.framework */,
				F4E2DDD31BCE2CE600E8F357 /* AnimationDemo */,
				F4E2DDD21BCE2CE600E8F357 /* Products */,
				1D201E0DA0AE18D4DFFDAD2D /* Pods */,
				22C741968A5EEEF0DA261615 /* Frameworks */,
			);
			sourceTree = "<group>";
		};
		F4E2DDD21BCE2CE600E8F357 /* Products */ = {
			isa = PBXGroup;
			children = (
				F4E2DDD11BCE2CE600E8F357 /* AnimationDemo.app */,
			);
			name = Products;
			sourceTree = "<group>";
		};
		F4E2DDD31BCE2CE600E8F357 /* AnimationDemo */ = {
			isa = PBXGroup;
			children = (
				F4E562FE1BDD0059007429FB /* AnimationDemo.entitlements */,
				F4E18DCA1BD4BB0B00A4692B /* New Group6 */,
				F4E18DC91BD4BB0900A4692B /* custom */,
				F4E18DC81BD4BB0700A4692B /* ReactiveCocoaDemo */,
				F4E18DC61BD4BB0400A4692B /* HealthDemo */,
				F4E18DC51BD4BB0200A4692B /* SlideMenu */,
				F4E18DC41BD4BAFF00A4692B /* AnimatedCircleDemo */,
				F4E7667F1BD0ECFB00FA8C2E /* GooeySlideMenu */,
				F4E2DDD71BCE2CE600E8F357 /* AppDelegate.h */,
				F4E2DDD81BCE2CE600E8F357 /* AppDelegate.m */,
				F4E2DDDA1BCE2CE600E8F357 /* ViewController.h */,
				F4E2DDDB1BCE2CE600E8F357 /* ViewController.m */,
				F4E2DDEE1BCE2E6800E8F357 /* AnimationListViewController.h */,
				F4E2DDEF1BCE2E6800E8F357 /* AnimationListViewController.m */,
				F4E766861BD0F4B500FA8C2E /* PushControl.h */,
				F4E766871BD0F4B500FA8C2E /* PushControl.m */,
				F4E2DDDD1BCE2CE600E8F357 /* Main.storyboard */,
				F4E2DDE01BCE2CE600E8F357 /* Assets.xcassets */,
				F4E2DDE21BCE2CE600E8F357 /* LaunchScreen.storyboard */,
				F4E2DDE51BCE2CE600E8F357 /* Info.plist */,
				F4E2DDD41BCE2CE600E8F357 /* Supporting Files */,
			);
			path = AnimationDemo;
			sourceTree = "<group>";
		};
		F4E2DDD41BCE2CE600E8F357 /* Supporting Files */ = {
			isa = PBXGroup;
			children = (
				F4E2DDD51BCE2CE600E8F357 /* main.m */,
			);
			name = "Supporting Files";
			sourceTree = "<group>";
		};
		F4E7667F1BD0ECFB00FA8C2E /* GooeySlideMenu */ = {
			isa = PBXGroup;
			children = (
				F4E766811BD0ED1800FA8C2E /* GooeySlideMenu.m */,
				F4E766821BD0ED1800FA8C2E /* SlideMenuButton.h */,
				F4E766831BD0ED1800FA8C2E /* SlideMenuButton.m */,
				F4E766801BD0ED1000FA8C2E /* GooeySlideMenu.h */,
			);
			name = GooeySlideMenu;
			sourceTree = "<group>";
		};
/* End PBXGroup section */

/* Begin PBXNativeTarget section */
		F4E2DDD01BCE2CE600E8F357 /* AnimationDemo */ = {
			isa = PBXNativeTarget;
			buildConfigurationList = F4E2DDE81BCE2CE600E8F357 /* Build configuration list for PBXNativeTarget "AnimationDemo" */;
			buildPhases = (
				C833B2C95F13464AC2C8255E /* [CP] Check Pods Manifest.lock */,
				F4E2DDCD1BCE2CE600E8F357 /* Sources */,
				F4E2DDCE1BCE2CE600E8F357 /* Frameworks */,
				F4E2DDCF1BCE2CE600E8F357 /* Resources */,
				13CE7E0A56E46A8C03E33322 /* [CP] Embed Pods Frameworks */,
				73E564E5036E864C9CE90556 /* [CP] Copy Pods Resources */,
			);
			buildRules = (
			);
			dependencies = (
			);
			name = AnimationDemo;
			productName = AnimationDemo;
			productReference = F4E2DDD11BCE2CE600E8F357 /* AnimationDemo.app */;
			productType = "com.apple.product-type.application";
		};
/* End PBXNativeTarget section */

/* Begin PBXProject section */
		F4E2DDC91BCE2CE600E8F357 /* Project object */ = {
			isa = PBXProject;
			attributes = {
				LastUpgradeCheck = 0700;
				ORGANIZATIONNAME = Pszertlek;
				TargetAttributes = {
					F4E2DDD01BCE2CE600E8F357 = {
						CreatedOnToolsVersion = 7.0.1;
						DevelopmentTeam = 32FCLEE8GX;
						LastSwiftMigration = 0820;
						SystemCapabilities = {
							com.apple.HealthKit = {
								enabled = 1;
							};
						};
					};
				};
			};
			buildConfigurationList = F4E2DDCC1BCE2CE600E8F357 /* Build configuration list for PBXProject "AnimationDemo" */;
			compatibilityVersion = "Xcode 3.2";
			developmentRegion = English;
			hasScannedForEncodings = 0;
			knownRegions = (
				en,
				Base,
			);
			mainGroup = F4E2DDC81BCE2CE600E8F357;
			productRefGroup = F4E2DDD21BCE2CE600E8F357 /* Products */;
			projectDirPath = "";
			projectRoot = "";
			targets = (
				F4E2DDD01BCE2CE600E8F357 /* AnimationDemo */,
			);
		};
/* End PBXProject section */

/* Begin PBXResourcesBuildPhase section */
		F4E2DDCF1BCE2CE600E8F357 /* Resources */ = {
			isa = PBXResourcesBuildPhase;
			buildActionMask = 2147483647;
			files = (
				F4E2DDE41BCE2CE600E8F357 /* LaunchScreen.storyboard in Resources */,
				F4E2DDE11BCE2CE600E8F357 /* Assets.xcassets in Resources */,
				F4E2DDDF1BCE2CE600E8F357 /* Main.storyboard in Resources */,
			);
			runOnlyForDeploymentPostprocessing = 0;
		};
/* End PBXResourcesBuildPhase section */

/* Begin PBXShellScriptBuildPhase section */
		13CE7E0A56E46A8C03E33322 /* [CP] Embed Pods Frameworks */ = {
			isa = PBXShellScriptBuildPhase;
			buildActionMask = 2147483647;
			files = (
			);
			inputPaths = (
			);
			name = "[CP] Embed Pods Frameworks";
			outputPaths = (
			);
			runOnlyForDeploymentPostprocessing = 0;
			shellPath = /bin/sh;
			shellScript = "\"${SRCROOT}/Pods/Target Support Files/Pods-AnimationDemo/Pods-AnimationDemo-frameworks.sh\"\n";
			showEnvVarsInLog = 0;
		};
		73E564E5036E864C9CE90556 /* [CP] Copy Pods Resources */ = {
			isa = PBXShellScriptBuildPhase;
			buildActionMask = 2147483647;
			files = (
			);
			inputPaths = (
			);
			name = "[CP] Copy Pods Resources";
			outputPaths = (
			);
			runOnlyForDeploymentPostprocessing = 0;
			shellPath = /bin/sh;
			shellScript = "\"${SRCROOT}/Pods/Target Support Files/Pods-AnimationDemo/Pods-AnimationDemo-resources.sh\"\n";
			showEnvVarsInLog = 0;
		};
		C833B2C95F13464AC2C8255E /* [CP] Check Pods Manifest.lock */ = {
			isa = PBXShellScriptBuildPhase;
			buildActionMask = 2147483647;
			files = (
			);
			inputPaths = (
			);
			name = "[CP] Check Pods Manifest.lock";
			outputPaths = (
			);
			runOnlyForDeploymentPostprocessing = 0;
			shellPath = /bin/sh;
			shellScript = "diff \"${PODS_ROOT}/../Podfile.lock\" \"${PODS_ROOT}/Manifest.lock\" > /dev/null\nif [ $? != 0 ] ; then\n    # print error to STDERR\n    echo \"error: The sandbox is not in sync with the Podfile.lock. Run 'pod install' or update your CocoaPods installation.\" >&2\n    exit 1\nfi\n";
			showEnvVarsInLog = 0;
		};
/* End PBXShellScriptBuildPhase section */

/* Begin PBXSourcesBuildPhase section */
		F4E2DDCD1BCE2CE600E8F357 /* Sources */ = {
			isa = PBXSourcesBuildPhase;
			buildActionMask = 2147483647;
			files = (
				F4E562FB1BDCAFC2007429FB /* HealthViewController.m in Sources */,
				189BE3761E4D9480008E06FB /* BLSensorBubbleButton.m in Sources */,
				189BE3711E4D9452008E06FB /* CustomViewController.m in Sources */,
				F4E766851BD0ED1800FA8C2E /* SlideMenuButton.m in Sources */,
				F4E2DDDC1BCE2CE600E8F357 /* ViewController.m in Sources */,
				F4E766881BD0F4B500FA8C2E /* PushControl.m in Sources */,
				F4E2DDD91BCE2CE600E8F357 /* AppDelegate.m in Sources */,
				183FD6D51E4854F200AF1CD8 /* ReactiveViewController.m in Sources */,
				F4E18DDA1BD52C3A00A4692B /* KYCircleView.m in Sources */,
				F48989971BD627EE00F35F71 /* KYSlideMenuButton.m in Sources */,
				F4E2DDD61BCE2CE600E8F357 /* main.m in Sources */,
				F4E18DD71BD52C1E00A4692B /* KYCircleLayer.m in Sources */,
				F48989941BD5F18000F35F71 /* KYCircleAnimationViewController.m in Sources */,
				189BE3771E4D9480008E06FB /* BLSensorBubbleView.m in Sources */,
				F4E2DDF01BCE2E6800E8F357 /* AnimationListViewController.m in Sources */,
				F489899A1BD6280500F35F71 /* KYGooeySlideMenu.m in Sources */,
				189BE37A1E4DA451008E06FB /* BLSensorViewLayout.m in Sources */,
				F4E766841BD0ED1800FA8C2E /* GooeySlideMenu.m in Sources */,
			);
			runOnlyForDeploymentPostprocessing = 0;
		};
/* End PBXSourcesBuildPhase section */

/* Begin PBXVariantGroup section */
		F4E2DDDD1BCE2CE600E8F357 /* Main.storyboard */ = {
			isa = PBXVariantGroup;
			children = (
				F4E2DDDE1BCE2CE600E8F357 /* Base */,
			);
			name = Main.storyboard;
			sourceTree = "<group>";
		};
		F4E2DDE21BCE2CE600E8F357 /* LaunchScreen.storyboard */ = {
			isa = PBXVariantGroup;
			children = (
				F4E2DDE31BCE2CE600E8F357 /* Base */,
			);
			name = LaunchScreen.storyboard;
			sourceTree = "<group>";
		};
/* End PBXVariantGroup section */

/* Begin XCBuildConfiguration section */
		F4E2DDE61BCE2CE600E8F357 /* Debug */ = {
			isa = XCBuildConfiguration;
			buildSettings = {
				ALWAYS_SEARCH_USER_PATHS = NO;
				CLANG_CXX_LANGUAGE_STANDARD = "gnu++0x";
				CLANG_CXX_LIBRARY = "libc++";
				CLANG_ENABLE_MODULES = YES;
				CLANG_ENABLE_OBJC_ARC = YES;
				CLANG_WARN_BOOL_CONVERSION = YES;
				CLANG_WARN_CONSTANT_CONVERSION = YES;
				CLANG_WARN_DIRECT_OBJC_ISA_USAGE = YES_ERROR;
				CLANG_WARN_EMPTY_BODY = YES;
				CLANG_WARN_ENUM_CONVERSION = YES;
				CLANG_WARN_INT_CONVERSION = YES;
				CLANG_WARN_OBJC_ROOT_CLASS = YES_ERROR;
				CLANG_WARN_UNREACHABLE_CODE = YES;
				CLANG_WARN__DUPLICATE_METHOD_MATCH = YES;
				"CODE_SIGN_IDENTITY[sdk=iphoneos*]" = "iPhone Developer";
				COPY_PHASE_STRIP = NO;
				DEBUG_INFORMATION_FORMAT = dwarf;
				ENABLE_STRICT_OBJC_MSGSEND = YES;
				ENABLE_TESTABILITY = YES;
				GCC_C_LANGUAGE_STANDARD = gnu99;
				GCC_DYNAMIC_NO_PIC = NO;
				GCC_NO_COMMON_BLOCKS = YES;
				GCC_OPTIMIZATION_LEVEL = 0;
				GCC_PREPROCESSOR_DEFINITIONS = (
					"DEBUG=1",
					"$(inherited)",
				);
				GCC_WARN_64_TO_32_BIT_CONVERSION = YES;
				GCC_WARN_ABOUT_RETURN_TYPE = YES_ERROR;
				GCC_WARN_UNDECLARED_SELECTOR = YES;
				GCC_WARN_UNINITIALIZED_AUTOS = YES_AGGRESSIVE;
				GCC_WARN_UNUSED_FUNCTION = YES;
				GCC_WARN_UNUSED_VARIABLE = YES;
				IPHONEOS_DEPLOYMENT_TARGET = 9.0;
				MTL_ENABLE_DEBUG_INFO = YES;
				ONLY_ACTIVE_ARCH = YES;
				SDKROOT = iphoneos;
				TARGETED_DEVICE_FAMILY = "1,2";
			};
			name = Debug;
		};
		F4E2DDE71BCE2CE600E8F357 /* Release */ = {
			isa = XCBuildConfiguration;
			buildSettings = {
				ALWAYS_SEARCH_USER_PATHS = NO;
				CLANG_CXX_LANGUAGE_STANDARD = "gnu++0x";
				CLANG_CXX_LIBRARY = "libc++";
				CLANG_ENABLE_MODULES = YES;
				CLANG_ENABLE_OBJC_ARC = YES;
				CLANG_WARN_BOOL_CONVERSION = YES;
				CLANG_WARN_CONSTANT_CONVERSION = YES;
				CLANG_WARN_DIRECT_OBJC_ISA_USAGE = YES_ERROR;
				CLANG_WARN_EMPTY_BODY = YES;
				CLANG_WARN_ENUM_CONVERSION = YES;
				CLANG_WARN_INT_CONVERSION = YES;
				CLANG_WARN_OBJC_ROOT_CLASS = YES_ERROR;
				CLANG_WARN_UNREACHABLE_CODE = YES;
				CLANG_WARN__DUPLICATE_METHOD_MATCH = YES;
				"CODE_SIGN_IDENTITY[sdk=iphoneos*]" = "iPhone Developer";
				COPY_PHASE_STRIP = NO;
				DEBUG_INFORMATION_FORMAT = "dwarf-with-dsym";
				ENABLE_NS_ASSERTIONS = NO;
				ENABLE_STRICT_OBJC_MSGSEND = YES;
				GCC_C_LANGUAGE_STANDARD = gnu99;
				GCC_NO_COMMON_BLOCKS = YES;
				GCC_WARN_64_TO_32_BIT_CONVERSION = YES;
				GCC_WARN_ABOUT_RETURN_TYPE = YES_ERROR;
				GCC_WARN_UNDECLARED_SELECTOR = YES;
				GCC_WARN_UNINITIALIZED_AUTOS = YES_AGGRESSIVE;
				GCC_WARN_UNUSED_FUNCTION = YES;
				GCC_WARN_UNUSED_VARIABLE = YES;
				IPHONEOS_DEPLOYMENT_TARGET = 9.0;
				MTL_ENABLE_DEBUG_INFO = NO;
				SDKROOT = iphoneos;
				TARGETED_DEVICE_FAMILY = "1,2";
				VALIDATE_PRODUCT = YES;
			};
			name = Release;
		};
		F4E2DDE91BCE2CE600E8F357 /* Debug */ = {
			isa = XCBuildConfiguration;
			baseConfigurationReference = 478650236AD641DC2B244DF0 /* Pods-AnimationDemo.debug.xcconfig */;
			buildSettings = {
				ASSETCATALOG_COMPILER_APPICON_NAME = AppIcon;
				CODE_SIGN_ENTITLEMENTS = AnimationDemo/AnimationDemo.entitlements;
				CODE_SIGN_IDENTITY = "iPhone Developer";
				"CODE_SIGN_IDENTITY[sdk=iphoneos*]" = "iPhone Developer";
				FRAMEWORK_SEARCH_PATHS = (
					"$(inherited)",
					"$(PROJECT_DIR)/build/Debug-iphoneos/ReactiveCocoa",
				);
				INFOPLIST_FILE = AnimationDemo/Info.plist;
				IPHONEOS_DEPLOYMENT_TARGET = 8.0;
				LD_RUNPATH_SEARCH_PATHS = "$(inherited) @executable_path/Frameworks";
				PRODUCT_BUNDLE_IDENTIFIER = Pszertlek.AnimationDemo;
				PRODUCT_NAME = "$(TARGET_NAME)";
				PROVISIONING_PROFILE = "";
				SWIFT_VERSION = 3.0;
			};
			name = Debug;
		};
		F4E2DDEA1BCE2CE600E8F357 /* Release */ = {
			isa = XCBuildConfiguration;
			baseConfigurationReference = FFC27DE111A0818DDD622B56 /* Pods-AnimationDemo.release.xcconfig */;
			buildSettings = {
				ASSETCATALOG_COMPILER_APPICON_NAME = AppIcon;
				CODE_SIGN_ENTITLEMENTS = AnimationDemo/AnimationDemo.entitlements;
				CODE_SIGN_IDENTITY = "iPhone Developer";
				"CODE_SIGN_IDENTITY[sdk=iphoneos*]" = "iPhone Developer";
				FRAMEWORK_SEARCH_PATHS = (
					"$(inherited)",
					"$(PROJECT_DIR)/build/Debug-iphoneos/ReactiveCocoa",
				);
				INFOPLIST_FILE = AnimationDemo/Info.plist;
				IPHONEOS_DEPLOYMENT_TARGET = 8.0;
				LD_RUNPATH_SEARCH_PATHS = "$(inherited) @executable_path/Frameworks";
				PRODUCT_BUNDLE_IDENTIFIER = Pszertlek.AnimationDemo;
				PRODUCT_NAME = "$(TARGET_NAME)";
				PROVISIONING_PROFILE = "";
				SWIFT_VERSION = 3.0;
			};
			name = Release;
		};
/* End XCBuildConfiguration section */

/* Begin XCConfigurationList section */
		F4E2DDCC1BCE2CE600E8F357 /* Build configuration list for PBXProject "AnimationDemo" */ = {
			isa = XCConfigurationList;
			buildConfigurations = (
				F4E2DDE61BCE2CE600E8F357 /* Debug */,
				F4E2DDE71BCE2CE600E8F357 /* Release */,
			);
			defaultConfigurationIsVisible = 0;
			defaultConfigurationName = Release;
		};
		F4E2DDE81BCE2CE600E8F357 /* Build configuration list for PBXNativeTarget "AnimationDemo" */ = {
			isa = XCConfigurationList;
			buildConfigurations = (
				F4E2DDE91BCE2CE600E8F357 /* Debug */,
				F4E2DDEA1BCE2CE600E8F357 /* Release */,
			);
			defaultConfigurationIsVisible = 0;
			defaultConfigurationName = Release;
		};
/* End XCConfigurationList section */
	};
	rootObject = F4E2DDC91BCE2CE600E8F357 /* Project object */;
}
